// !$*UTF8*$!
{
	archiveVersion = 1;
	classes = {
	};
	objectVersion = 52;
	objects = {

/* Begin PBXBuildFile section */
		237238B425B300DA00191C4F /* RealmSwift in Frameworks */ = {isa = PBXBuildFile; productRef = 237238B325B300DA00191C4F /* RealmSwift */; };
		237238BD25B303BD00191C4F /* Realm+Extensions.swift in Sources */ = {isa = PBXBuildFile; fileRef = 237238BC25B303BD00191C4F /* Realm+Extensions.swift */; };
		2393F6B925AB9F3C002D56A2 /* AppDelegate.swift in Sources */ = {isa = PBXBuildFile; fileRef = 2393F6B825AB9F3C002D56A2 /* AppDelegate.swift */; };
		2393F6BB25AB9F3C002D56A2 /* SceneDelegate.swift in Sources */ = {isa = PBXBuildFile; fileRef = 2393F6BA25AB9F3C002D56A2 /* SceneDelegate.swift */; };
		2393F6BD25AB9F3C002D56A2 /* ViewController.swift in Sources */ = {isa = PBXBuildFile; fileRef = 2393F6BC25AB9F3C002D56A2 /* ViewController.swift */; };
		2393F6C025AB9F3C002D56A2 /* Main.storyboard in Resources */ = {isa = PBXBuildFile; fileRef = 2393F6BE25AB9F3C002D56A2 /* Main.storyboard */; };
		2393F6C225AB9F3E002D56A2 /* Assets.xcassets in Resources */ = {isa = PBXBuildFile; fileRef = 2393F6C125AB9F3E002D56A2 /* Assets.xcassets */; };
		2393F6C525AB9F3E002D56A2 /* LaunchScreen.storyboard in Resources */ = {isa = PBXBuildFile; fileRef = 2393F6C325AB9F3E002D56A2 /* LaunchScreen.storyboard */; };
		2393F6D025AB9F3E002D56A2 /* Share_The_LoadTests.swift in Sources */ = {isa = PBXBuildFile; fileRef = 2393F6CF25AB9F3E002D56A2 /* Share_The_LoadTests.swift */; };
		2393F6DB25AB9F3E002D56A2 /* Share_The_LoadUITests.swift in Sources */ = {isa = PBXBuildFile; fileRef = 2393F6DA25AB9F3E002D56A2 /* Share_The_LoadUITests.swift */; };
		2393F6ED25ABA5FC002D56A2 /* FirebaseAnalytics in Frameworks */ = {isa = PBXBuildFile; productRef = 2393F6EC25ABA5FC002D56A2 /* FirebaseAnalytics */; };
		2393F6EF25ABA5FC002D56A2 /* FirebaseCrashlytics in Frameworks */ = {isa = PBXBuildFile; productRef = 2393F6EE25ABA5FC002D56A2 /* FirebaseCrashlytics */; };
		2393F6F125ABA5FC002D56A2 /* FirebaseDatabase in Frameworks */ = {isa = PBXBuildFile; productRef = 2393F6F025ABA5FC002D56A2 /* FirebaseDatabase */; };
		2393F6FA25ABAA39002D56A2 /* Realm in Frameworks */ = {isa = PBXBuildFile; productRef = 2393F6F925ABAA39002D56A2 /* Realm */; };
		2393F6FF25ABB2A7002D56A2 /* GoogleService-Info.plist in Resources */ = {isa = PBXBuildFile; fileRef = 2393F6FE25ABB2A7002D56A2 /* GoogleService-Info.plist */; };
		2393F70025ABB2A7002D56A2 /* GoogleService-Info.plist in Resources */ = {isa = PBXBuildFile; fileRef = 2393F6FE25ABB2A7002D56A2 /* GoogleService-Info.plist */; };
		2393F70125ABB2A7002D56A2 /* GoogleService-Info.plist in Resources */ = {isa = PBXBuildFile; fileRef = 2393F6FE25ABB2A7002D56A2 /* GoogleService-Info.plist */; };
		23D5E88525AE6EB400C74F4A /* Question.swift in Sources */ = {isa = PBXBuildFile; fileRef = 23D5E88425AE6EB400C74F4A /* Question.swift */; };
		23D5E88A25AE6EC600C74F4A /* Answer.swift in Sources */ = {isa = PBXBuildFile; fileRef = 23D5E88925AE6EC600C74F4A /* Answer.swift */; };
		23D5E88F25AE6EE100C74F4A /* Quiz.swift in Sources */ = {isa = PBXBuildFile; fileRef = 23D5E88E25AE6EE100C74F4A /* Quiz.swift */; };
		23D5E89425AE6EEC00C74F4A /* User.swift in Sources */ = {isa = PBXBuildFile; fileRef = 23D5E89325AE6EEC00C74F4A /* User.swift */; };
		23D5E89925AE6F2800C74F4A /* NetworkService.swift in Sources */ = {isa = PBXBuildFile; fileRef = 23D5E89825AE6F2800C74F4A /* NetworkService.swift */; };
		23D5E89E25AE71B300C74F4A /* PersistanceService.swift in Sources */ = {isa = PBXBuildFile; fileRef = 23D5E89D25AE71B300C74F4A /* PersistanceService.swift */; };
		23D5E8A325AE71BA00C74F4A /* UserService.swift in Sources */ = {isa = PBXBuildFile; fileRef = 23D5E8A225AE71BA00C74F4A /* UserService.swift */; };
		23D5E8A825AE71C400C74F4A /* QuizService.swift in Sources */ = {isa = PBXBuildFile; fileRef = 23D5E8A725AE71C400C74F4A /* QuizService.swift */; };
/* End PBXBuildFile section */

/* Begin PBXContainerItemProxy section */
		2393F6CC25AB9F3E002D56A2 /* PBXContainerItemProxy */ = {
			isa = PBXContainerItemProxy;
			containerPortal = 2393F6AD25AB9F3C002D56A2 /* Project object */;
			proxyType = 1;
			remoteGlobalIDString = 2393F6B425AB9F3C002D56A2;
			remoteInfo = "Share The Load";
		};
		2393F6D725AB9F3E002D56A2 /* PBXContainerItemProxy */ = {
			isa = PBXContainerItemProxy;
			containerPortal = 2393F6AD25AB9F3C002D56A2 /* Project object */;
			proxyType = 1;
			remoteGlobalIDString = 2393F6B425AB9F3C002D56A2;
			remoteInfo = "Share The Load";
		};
/* End PBXContainerItemProxy section */

/* Begin PBXFileReference section */
		237238BC25B303BD00191C4F /* Realm+Extensions.swift */ = {isa = PBXFileReference; lastKnownFileType = sourcecode.swift; path = "Realm+Extensions.swift"; sourceTree = "<group>"; };
		2393F6B525AB9F3C002D56A2 /* Share The Load.app */ = {isa = PBXFileReference; explicitFileType = wrapper.application; includeInIndex = 0; path = "Share The Load.app"; sourceTree = BUILT_PRODUCTS_DIR; };
		2393F6B825AB9F3C002D56A2 /* AppDelegate.swift */ = {isa = PBXFileReference; lastKnownFileType = sourcecode.swift; path = AppDelegate.swift; sourceTree = "<group>"; };
		2393F6BA25AB9F3C002D56A2 /* SceneDelegate.swift */ = {isa = PBXFileReference; lastKnownFileType = sourcecode.swift; path = SceneDelegate.swift; sourceTree = "<group>"; };
		2393F6BC25AB9F3C002D56A2 /* ViewController.swift */ = {isa = PBXFileReference; lastKnownFileType = sourcecode.swift; path = ViewController.swift; sourceTree = "<group>"; };
		2393F6BF25AB9F3C002D56A2 /* Base */ = {isa = PBXFileReference; lastKnownFileType = file.storyboard; name = Base; path = Base.lproj/Main.storyboard; sourceTree = "<group>"; };
		2393F6C125AB9F3E002D56A2 /* Assets.xcassets */ = {isa = PBXFileReference; lastKnownFileType = folder.assetcatalog; path = Assets.xcassets; sourceTree = "<group>"; };
		2393F6C425AB9F3E002D56A2 /* Base */ = {isa = PBXFileReference; lastKnownFileType = file.storyboard; name = Base; path = Base.lproj/LaunchScreen.storyboard; sourceTree = "<group>"; };
		2393F6C625AB9F3E002D56A2 /* Info.plist */ = {isa = PBXFileReference; lastKnownFileType = text.plist.xml; path = Info.plist; sourceTree = "<group>"; };
		2393F6CB25AB9F3E002D56A2 /* Share The LoadTests.xctest */ = {isa = PBXFileReference; explicitFileType = wrapper.cfbundle; includeInIndex = 0; path = "Share The LoadTests.xctest"; sourceTree = BUILT_PRODUCTS_DIR; };
		2393F6CF25AB9F3E002D56A2 /* Share_The_LoadTests.swift */ = {isa = PBXFileReference; lastKnownFileType = sourcecode.swift; path = Share_The_LoadTests.swift; sourceTree = "<group>"; };
		2393F6D125AB9F3E002D56A2 /* Info.plist */ = {isa = PBXFileReference; lastKnownFileType = text.plist.xml; path = Info.plist; sourceTree = "<group>"; };
		2393F6D625AB9F3E002D56A2 /* Share The LoadUITests.xctest */ = {isa = PBXFileReference; explicitFileType = wrapper.cfbundle; includeInIndex = 0; path = "Share The LoadUITests.xctest"; sourceTree = BUILT_PRODUCTS_DIR; };
		2393F6DA25AB9F3E002D56A2 /* Share_The_LoadUITests.swift */ = {isa = PBXFileReference; lastKnownFileType = sourcecode.swift; path = Share_The_LoadUITests.swift; sourceTree = "<group>"; };
		2393F6DC25AB9F3E002D56A2 /* Info.plist */ = {isa = PBXFileReference; lastKnownFileType = text.plist.xml; path = Info.plist; sourceTree = "<group>"; };
		2393F6FE25ABB2A7002D56A2 /* GoogleService-Info.plist */ = {isa = PBXFileReference; fileEncoding = 4; lastKnownFileType = text.plist.xml; path = "GoogleService-Info.plist"; sourceTree = "<group>"; };
		23D5E88425AE6EB400C74F4A /* Question.swift */ = {isa = PBXFileReference; lastKnownFileType = sourcecode.swift; path = Question.swift; sourceTree = "<group>"; };
		23D5E88925AE6EC600C74F4A /* Answer.swift */ = {isa = PBXFileReference; lastKnownFileType = sourcecode.swift; path = Answer.swift; sourceTree = "<group>"; };
		23D5E88E25AE6EE100C74F4A /* Quiz.swift */ = {isa = PBXFileReference; lastKnownFileType = sourcecode.swift; path = Quiz.swift; sourceTree = "<group>"; };
		23D5E89325AE6EEC00C74F4A /* User.swift */ = {isa = PBXFileReference; lastKnownFileType = sourcecode.swift; path = User.swift; sourceTree = "<group>"; };
		23D5E89825AE6F2800C74F4A /* NetworkService.swift */ = {isa = PBXFileReference; lastKnownFileType = sourcecode.swift; path = NetworkService.swift; sourceTree = "<group>"; };
		23D5E89D25AE71B300C74F4A /* PersistanceService.swift */ = {isa = PBXFileReference; lastKnownFileType = sourcecode.swift; path = PersistanceService.swift; sourceTree = "<group>"; };
		23D5E8A225AE71BA00C74F4A /* UserService.swift */ = {isa = PBXFileReference; lastKnownFileType = sourcecode.swift; path = UserService.swift; sourceTree = "<group>"; };
		23D5E8A725AE71C400C74F4A /* QuizService.swift */ = {isa = PBXFileReference; lastKnownFileType = sourcecode.swift; path = QuizService.swift; sourceTree = "<group>"; };
/* End PBXFileReference section */

/* Begin PBXFrameworksBuildPhase section */
		2393F6B225AB9F3C002D56A2 /* Frameworks */ = {
			isa = PBXFrameworksBuildPhase;
			buildActionMask = 2147483647;
			files = (
				2393F6F125ABA5FC002D56A2 /* FirebaseDatabase in Frameworks */,
				2393F6ED25ABA5FC002D56A2 /* FirebaseAnalytics in Frameworks */,
				2393F6FA25ABAA39002D56A2 /* Realm in Frameworks */,
				237238B425B300DA00191C4F /* RealmSwift in Frameworks */,
				2393F6EF25ABA5FC002D56A2 /* FirebaseCrashlytics in Frameworks */,
			);
			runOnlyForDeploymentPostprocessing = 0;
		};
		2393F6C825AB9F3E002D56A2 /* Frameworks */ = {
			isa = PBXFrameworksBuildPhase;
			buildActionMask = 2147483647;
			files = (
			);
			runOnlyForDeploymentPostprocessing = 0;
		};
		2393F6D325AB9F3E002D56A2 /* Frameworks */ = {
			isa = PBXFrameworksBuildPhase;
			buildActionMask = 2147483647;
			files = (
			);
			runOnlyForDeploymentPostprocessing = 0;
		};
/* End PBXFrameworksBuildPhase section */

/* Begin PBXGroup section */
		237238B225B300D900191C4F /* Frameworks */ = {
			isa = PBXGroup;
			children = (
			);
			name = Frameworks;
			sourceTree = "<group>";
		};
		237238B825B3039E00191C4F /* Extensions */ = {
			isa = PBXGroup;
			children = (
				237238BC25B303BD00191C4F /* Realm+Extensions.swift */,
			);
			path = Extensions;
			sourceTree = "<group>";
		};
		2393F6AC25AB9F3C002D56A2 = {
			isa = PBXGroup;
			children = (
				2393F6B725AB9F3C002D56A2 /* Share The Load */,
				2393F6CE25AB9F3E002D56A2 /* Share The LoadTests */,
				2393F6D925AB9F3E002D56A2 /* Share The LoadUITests */,
				2393F6B625AB9F3C002D56A2 /* Products */,
				237238B225B300D900191C4F /* Frameworks */,
			);
			sourceTree = "<group>";
		};
		2393F6B625AB9F3C002D56A2 /* Products */ = {
			isa = PBXGroup;
			children = (
				2393F6B525AB9F3C002D56A2 /* Share The Load.app */,
				2393F6CB25AB9F3E002D56A2 /* Share The LoadTests.xctest */,
				2393F6D625AB9F3E002D56A2 /* Share The LoadUITests.xctest */,
			);
			name = Products;
			sourceTree = "<group>";
		};
		2393F6B725AB9F3C002D56A2 /* Share The Load */ = {
			isa = PBXGroup;
			children = (
				237238B825B3039E00191C4F /* Extensions */,
				23D5E88025AE6E1700C74F4A /* Model */,
				23D5E88325AE6E2F00C74F4A /* Services */,
				23D5E88225AE6E2600C74F4A /* Screens */,
				23D5E88125AE6E2000C74F4A /* Support */,
				2393F6BE25AB9F3C002D56A2 /* Main.storyboard */,
				2393F6C625AB9F3E002D56A2 /* Info.plist */,
				2393F6FE25ABB2A7002D56A2 /* GoogleService-Info.plist */,
			);
			path = "Share The Load";
			sourceTree = "<group>";
		};
		2393F6CE25AB9F3E002D56A2 /* Share The LoadTests */ = {
			isa = PBXGroup;
			children = (
				2393F6CF25AB9F3E002D56A2 /* Share_The_LoadTests.swift */,
				2393F6D125AB9F3E002D56A2 /* Info.plist */,
			);
			path = "Share The LoadTests";
			sourceTree = "<group>";
		};
		2393F6D925AB9F3E002D56A2 /* Share The LoadUITests */ = {
			isa = PBXGroup;
			children = (
				2393F6DA25AB9F3E002D56A2 /* Share_The_LoadUITests.swift */,
				2393F6DC25AB9F3E002D56A2 /* Info.plist */,
			);
			path = "Share The LoadUITests";
			sourceTree = "<group>";
		};
		23D5E88025AE6E1700C74F4A /* Model */ = {
			isa = PBXGroup;
			children = (
				23D5E88425AE6EB400C74F4A /* Question.swift */,
				23D5E88925AE6EC600C74F4A /* Answer.swift */,
				23D5E88E25AE6EE100C74F4A /* Quiz.swift */,
				23D5E89325AE6EEC00C74F4A /* User.swift */,
			);
			path = Model;
			sourceTree = "<group>";
		};
		23D5E88125AE6E2000C74F4A /* Support */ = {
			isa = PBXGroup;
			children = (
				2393F6B825AB9F3C002D56A2 /* AppDelegate.swift */,
				2393F6BA25AB9F3C002D56A2 /* SceneDelegate.swift */,
				2393F6C125AB9F3E002D56A2 /* Assets.xcassets */,
				2393F6C325AB9F3E002D56A2 /* LaunchScreen.storyboard */,
			);
			path = Support;
			sourceTree = "<group>";
		};
		23D5E88225AE6E2600C74F4A /* Screens */ = {
			isa = PBXGroup;
			children = (
				2393F6BC25AB9F3C002D56A2 /* ViewController.swift */,
			);
			path = Screens;
			sourceTree = "<group>";
		};
		23D5E88325AE6E2F00C74F4A /* Services */ = {
			isa = PBXGroup;
			children = (
				23D5E89825AE6F2800C74F4A /* NetworkService.swift */,
				23D5E89D25AE71B300C74F4A /* PersistanceService.swift */,
				23D5E8A225AE71BA00C74F4A /* UserService.swift */,
				23D5E8A725AE71C400C74F4A /* QuizService.swift */,
			);
			path = Services;
			sourceTree = "<group>";
		};
/* End PBXGroup section */

/* Begin PBXNativeTarget section */
		2393F6B425AB9F3C002D56A2 /* Share The Load */ = {
			isa = PBXNativeTarget;
			buildConfigurationList = 2393F6DF25AB9F3F002D56A2 /* Build configuration list for PBXNativeTarget "Share The Load" */;
			buildPhases = (
				2393F6B125AB9F3C002D56A2 /* Sources */,
				2393F6B225AB9F3C002D56A2 /* Frameworks */,
				2393F6B325AB9F3C002D56A2 /* Resources */,
			);
			buildRules = (
			);
			dependencies = (
			);
			name = "Share The Load";
			packageProductDependencies = (
				2393F6EC25ABA5FC002D56A2 /* FirebaseAnalytics */,
				2393F6EE25ABA5FC002D56A2 /* FirebaseCrashlytics */,
				2393F6F025ABA5FC002D56A2 /* FirebaseDatabase */,
				2393F6F925ABAA39002D56A2 /* Realm */,
				237238B325B300DA00191C4F /* RealmSwift */,
			);
			productName = "Share The Load";
			productReference = 2393F6B525AB9F3C002D56A2 /* Share The Load.app */;
			productType = "com.apple.product-type.application";
		};
		2393F6CA25AB9F3E002D56A2 /* Share The LoadTests */ = {
			isa = PBXNativeTarget;
			buildConfigurationList = 2393F6E225AB9F3F002D56A2 /* Build configuration list for PBXNativeTarget "Share The LoadTests" */;
			buildPhases = (
				2393F6C725AB9F3E002D56A2 /* Sources */,
				2393F6C825AB9F3E002D56A2 /* Frameworks */,
				2393F6C925AB9F3E002D56A2 /* Resources */,
			);
			buildRules = (
			);
			dependencies = (
				2393F6CD25AB9F3E002D56A2 /* PBXTargetDependency */,
			);
			name = "Share The LoadTests";
			productName = "Share The LoadTests";
			productReference = 2393F6CB25AB9F3E002D56A2 /* Share The LoadTests.xctest */;
			productType = "com.apple.product-type.bundle.unit-test";
		};
		2393F6D525AB9F3E002D56A2 /* Share The LoadUITests */ = {
			isa = PBXNativeTarget;
			buildConfigurationList = 2393F6E525AB9F3F002D56A2 /* Build configuration list for PBXNativeTarget "Share The LoadUITests" */;
			buildPhases = (
				2393F6D225AB9F3E002D56A2 /* Sources */,
				2393F6D325AB9F3E002D56A2 /* Frameworks */,
				2393F6D425AB9F3E002D56A2 /* Resources */,
			);
			buildRules = (
			);
			dependencies = (
				2393F6D825AB9F3E002D56A2 /* PBXTargetDependency */,
			);
			name = "Share The LoadUITests";
			productName = "Share The LoadUITests";
			productReference = 2393F6D625AB9F3E002D56A2 /* Share The LoadUITests.xctest */;
			productType = "com.apple.product-type.bundle.ui-testing";
		};
/* End PBXNativeTarget section */

/* Begin PBXProject section */
		2393F6AD25AB9F3C002D56A2 /* Project object */ = {
			isa = PBXProject;
			attributes = {
				LastSwiftUpdateCheck = 1210;
				LastUpgradeCheck = 1210;
				TargetAttributes = {
					2393F6B425AB9F3C002D56A2 = {
						CreatedOnToolsVersion = 12.1;
					};
					2393F6CA25AB9F3E002D56A2 = {
						CreatedOnToolsVersion = 12.1;
						TestTargetID = 2393F6B425AB9F3C002D56A2;
					};
					2393F6D525AB9F3E002D56A2 = {
						CreatedOnToolsVersion = 12.1;
						TestTargetID = 2393F6B425AB9F3C002D56A2;
					};
				};
			};
			buildConfigurationList = 2393F6B025AB9F3C002D56A2 /* Build configuration list for PBXProject "Share The Load" */;
			compatibilityVersion = "Xcode 9.3";
			developmentRegion = en;
			hasScannedForEncodings = 0;
			knownRegions = (
				en,
				Base,
			);
			mainGroup = 2393F6AC25AB9F3C002D56A2;
			packageReferences = (
				2393F6EB25ABA5FC002D56A2 /* XCRemoteSwiftPackageReference "firebase-ios-sdk" */,
				2393F6F825ABAA39002D56A2 /* XCRemoteSwiftPackageReference "realm-cocoa" */,
			);
			productRefGroup = 2393F6B625AB9F3C002D56A2 /* Products */;
			projectDirPath = "";
			projectRoot = "";
			targets = (
				2393F6B425AB9F3C002D56A2 /* Share The Load */,
				2393F6CA25AB9F3E002D56A2 /* Share The LoadTests */,
				2393F6D525AB9F3E002D56A2 /* Share The LoadUITests */,
			);
		};
/* End PBXProject section */

/* Begin PBXResourcesBuildPhase section */
		2393F6B325AB9F3C002D56A2 /* Resources */ = {
			isa = PBXResourcesBuildPhase;
			buildActionMask = 2147483647;
			files = (
				2393F6C525AB9F3E002D56A2 /* LaunchScreen.storyboard in Resources */,
				2393F6FF25ABB2A7002D56A2 /* GoogleService-Info.plist in Resources */,
				2393F6C225AB9F3E002D56A2 /* Assets.xcassets in Resources */,
				2393F6C025AB9F3C002D56A2 /* Main.storyboard in Resources */,
			);
			runOnlyForDeploymentPostprocessing = 0;
		};
		2393F6C925AB9F3E002D56A2 /* Resources */ = {
			isa = PBXResourcesBuildPhase;
			buildActionMask = 2147483647;
			files = (
				2393F70025ABB2A7002D56A2 /* GoogleService-Info.plist in Resources */,
			);
			runOnlyForDeploymentPostprocessing = 0;
		};
		2393F6D425AB9F3E002D56A2 /* Resources */ = {
			isa = PBXResourcesBuildPhase;
			buildActionMask = 2147483647;
			files = (
				2393F70125ABB2A7002D56A2 /* GoogleService-Info.plist in Resources */,
			);
			runOnlyForDeploymentPostprocessing = 0;
		};
/* End PBXResourcesBuildPhase section */

/* Begin PBXSourcesBuildPhase section */
		2393F6B125AB9F3C002D56A2 /* Sources */ = {
			isa = PBXSourcesBuildPhase;
			buildActionMask = 2147483647;
			files = (
				2393F6BD25AB9F3C002D56A2 /* ViewController.swift in Sources */,
				237238BD25B303BD00191C4F /* Realm+Extensions.swift in Sources */,
				23D5E88525AE6EB400C74F4A /* Question.swift in Sources */,
				23D5E89925AE6F2800C74F4A /* NetworkService.swift in Sources */,
				23D5E88F25AE6EE100C74F4A /* Quiz.swift in Sources */,
				23D5E8A825AE71C400C74F4A /* QuizService.swift in Sources */,
				23D5E89E25AE71B300C74F4A /* PersistanceService.swift in Sources */,
				23D5E88A25AE6EC600C74F4A /* Answer.swift in Sources */,
				23D5E8A325AE71BA00C74F4A /* UserService.swift in Sources */,
				2393F6B925AB9F3C002D56A2 /* AppDelegate.swift in Sources */,
				2393F6BB25AB9F3C002D56A2 /* SceneDelegate.swift in Sources */,
				23D5E89425AE6EEC00C74F4A /* User.swift in Sources */,
			);
			runOnlyForDeploymentPostprocessing = 0;
		};
		2393F6C725AB9F3E002D56A2 /* Sources */ = {
			isa = PBXSourcesBuildPhase;
			buildActionMask = 2147483647;
			files = (
				2393F6D025AB9F3E002D56A2 /* Share_The_LoadTests.swift in Sources */,
			);
			runOnlyForDeploymentPostprocessing = 0;
		};
		2393F6D225AB9F3E002D56A2 /* Sources */ = {
			isa = PBXSourcesBuildPhase;
			buildActionMask = 2147483647;
			files = (
				2393F6DB25AB9F3E002D56A2 /* Share_The_LoadUITests.swift in Sources */,
			);
			runOnlyForDeploymentPostprocessing = 0;
		};
/* End PBXSourcesBuildPhase section */

/* Begin PBXTargetDependency section */
		2393F6CD25AB9F3E002D56A2 /* PBXTargetDependency */ = {
			isa = PBXTargetDependency;
			target = 2393F6B425AB9F3C002D56A2 /* Share The Load */;
			targetProxy = 2393F6CC25AB9F3E002D56A2 /* PBXContainerItemProxy */;
		};
		2393F6D825AB9F3E002D56A2 /* PBXTargetDependency */ = {
			isa = PBXTargetDependency;
			target = 2393F6B425AB9F3C002D56A2 /* Share The Load */;
			targetProxy = 2393F6D725AB9F3E002D56A2 /* PBXContainerItemProxy */;
		};
/* End PBXTargetDependency section */

/* Begin PBXVariantGroup section */
		2393F6BE25AB9F3C002D56A2 /* Main.storyboard */ = {
			isa = PBXVariantGroup;
			children = (
				2393F6BF25AB9F3C002D56A2 /* Base */,
			);
			name = Main.storyboard;
			sourceTree = "<group>";
		};
		2393F6C325AB9F3E002D56A2 /* LaunchScreen.storyboard */ = {
			isa = PBXVariantGroup;
			children = (
				2393F6C425AB9F3E002D56A2 /* Base */,
			);
			name = LaunchScreen.storyboard;
			sourceTree = "<group>";
		};
/* End PBXVariantGroup section */

/* Begin XCBuildConfiguration section */
		2393F6DD25AB9F3F002D56A2 /* Debug */ = {
			isa = XCBuildConfiguration;
			buildSettings = {
				ALWAYS_SEARCH_USER_PATHS = NO;
				CLANG_ANALYZER_NONNULL = YES;
				CLANG_ANALYZER_NUMBER_OBJECT_CONVERSION = YES_AGGRESSIVE;
				CLANG_CXX_LANGUAGE_STANDARD = "gnu++14";
				CLANG_CXX_LIBRARY = "libc++";
				CLANG_ENABLE_MODULES = YES;
				CLANG_ENABLE_OBJC_ARC = YES;
				CLANG_ENABLE_OBJC_WEAK = YES;
				CLANG_WARN_BLOCK_CAPTURE_AUTORELEASING = YES;
				CLANG_WARN_BOOL_CONVERSION = YES;
				CLANG_WARN_COMMA = YES;
				CLANG_WARN_CONSTANT_CONVERSION = YES;
				CLANG_WARN_DEPRECATED_OBJC_IMPLEMENTATIONS = YES;
				CLANG_WARN_DIRECT_OBJC_ISA_USAGE = YES_ERROR;
				CLANG_WARN_DOCUMENTATION_COMMENTS = YES;
				CLANG_WARN_EMPTY_BODY = YES;
				CLANG_WARN_ENUM_CONVERSION = YES;
				CLANG_WARN_INFINITE_RECURSION = YES;
				CLANG_WARN_INT_CONVERSION = YES;
				CLANG_WARN_NON_LITERAL_NULL_CONVERSION = YES;
				CLANG_WARN_OBJC_IMPLICIT_RETAIN_SELF = YES;
				CLANG_WARN_OBJC_LITERAL_CONVERSION = YES;
				CLANG_WARN_OBJC_ROOT_CLASS = YES_ERROR;
				CLANG_WARN_QUOTED_INCLUDE_IN_FRAMEWORK_HEADER = YES;
				CLANG_WARN_RANGE_LOOP_ANALYSIS = YES;
				CLANG_WARN_STRICT_PROTOTYPES = YES;
				CLANG_WARN_SUSPICIOUS_MOVE = YES;
				CLANG_WARN_UNGUARDED_AVAILABILITY = YES_AGGRESSIVE;
				CLANG_WARN_UNREACHABLE_CODE = YES;
				CLANG_WARN__DUPLICATE_METHOD_MATCH = YES;
				COPY_PHASE_STRIP = NO;
				DEBUG_INFORMATION_FORMAT = dwarf;
				ENABLE_STRICT_OBJC_MSGSEND = YES;
				ENABLE_TESTABILITY = YES;
				GCC_C_LANGUAGE_STANDARD = gnu11;
				GCC_DYNAMIC_NO_PIC = NO;
				GCC_NO_COMMON_BLOCKS = YES;
				GCC_OPTIMIZATION_LEVEL = 0;
				GCC_PREPROCESSOR_DEFINITIONS = (
					"DEBUG=1",
					"$(inherited)",
				);
				GCC_WARN_64_TO_32_BIT_CONVERSION = YES;
				GCC_WARN_ABOUT_RETURN_TYPE = YES_ERROR;
				GCC_WARN_UNDECLARED_SELECTOR = YES;
				GCC_WARN_UNINITIALIZED_AUTOS = YES_AGGRESSIVE;
				GCC_WARN_UNUSED_FUNCTION = YES;
				GCC_WARN_UNUSED_VARIABLE = YES;
				IPHONEOS_DEPLOYMENT_TARGET = 14.1;
				MTL_ENABLE_DEBUG_INFO = INCLUDE_SOURCE;
				MTL_FAST_MATH = YES;
				ONLY_ACTIVE_ARCH = YES;
				OTHER_LDFLAGS = "-ObjC";
				SDKROOT = iphoneos;
				SWIFT_ACTIVE_COMPILATION_CONDITIONS = DEBUG;
				SWIFT_OPTIMIZATION_LEVEL = "-Onone";
			};
			name = Debug;
		};
		2393F6DE25AB9F3F002D56A2 /* Release */ = {
			isa = XCBuildConfiguration;
			buildSettings = {
				ALWAYS_SEARCH_USER_PATHS = NO;
				CLANG_ANALYZER_NONNULL = YES;
				CLANG_ANALYZER_NUMBER_OBJECT_CONVERSION = YES_AGGRESSIVE;
				CLANG_CXX_LANGUAGE_STANDARD = "gnu++14";
				CLANG_CXX_LIBRARY = "libc++";
				CLANG_ENABLE_MODULES = YES;
				CLANG_ENABLE_OBJC_ARC = YES;
				CLANG_ENABLE_OBJC_WEAK = YES;
				CLANG_WARN_BLOCK_CAPTURE_AUTORELEASING = YES;
				CLANG_WARN_BOOL_CONVERSION = YES;
				CLANG_WARN_COMMA = YES;
				CLANG_WARN_CONSTANT_CONVERSION = YES;
				CLANG_WARN_DEPRECATED_OBJC_IMPLEMENTATIONS = YES;
				CLANG_WARN_DIRECT_OBJC_ISA_USAGE = YES_ERROR;
				CLANG_WARN_DOCUMENTATION_COMMENTS = YES;
				CLANG_WARN_EMPTY_BODY = YES;
				CLANG_WARN_ENUM_CONVERSION = YES;
				CLANG_WARN_INFINITE_RECURSION = YES;
				CLANG_WARN_INT_CONVERSION = YES;
				CLANG_WARN_NON_LITERAL_NULL_CONVERSION = YES;
				CLANG_WARN_OBJC_IMPLICIT_RETAIN_SELF = YES;
				CLANG_WARN_OBJC_LITERAL_CONVERSION = YES;
				CLANG_WARN_OBJC_ROOT_CLASS = YES_ERROR;
				CLANG_WARN_QUOTED_INCLUDE_IN_FRAMEWORK_HEADER = YES;
				CLANG_WARN_RANGE_LOOP_ANALYSIS = YES;
				CLANG_WARN_STRICT_PROTOTYPES = YES;
				CLANG_WARN_SUSPICIOUS_MOVE = YES;
				CLANG_WARN_UNGUARDED_AVAILABILITY = YES_AGGRESSIVE;
				CLANG_WARN_UNREACHABLE_CODE = YES;
				CLANG_WARN__DUPLICATE_METHOD_MATCH = YES;
				COPY_PHASE_STRIP = NO;
				DEBUG_INFORMATION_FORMAT = "dwarf-with-dsym";
				ENABLE_NS_ASSERTIONS = NO;
				ENABLE_STRICT_OBJC_MSGSEND = YES;
				GCC_C_LANGUAGE_STANDARD = gnu11;
				GCC_NO_COMMON_BLOCKS = YES;
				GCC_WARN_64_TO_32_BIT_CONVERSION = YES;
				GCC_WARN_ABOUT_RETURN_TYPE = YES_ERROR;
				GCC_WARN_UNDECLARED_SELECTOR = YES;
				GCC_WARN_UNINITIALIZED_AUTOS = YES_AGGRESSIVE;
				GCC_WARN_UNUSED_FUNCTION = YES;
				GCC_WARN_UNUSED_VARIABLE = YES;
				IPHONEOS_DEPLOYMENT_TARGET = 14.1;
				MTL_ENABLE_DEBUG_INFO = NO;
				MTL_FAST_MATH = YES;
				OTHER_LDFLAGS = "-ObjC";
				SDKROOT = iphoneos;
				SWIFT_COMPILATION_MODE = wholemodule;
				SWIFT_OPTIMIZATION_LEVEL = "-O";
				VALIDATE_PRODUCT = YES;
			};
			name = Release;
		};
		2393F6E025AB9F3F002D56A2 /* Debug */ = {
			isa = XCBuildConfiguration;
			buildSettings = {
				ASSETCATALOG_COMPILER_APPICON_NAME = AppIcon;
				ASSETCATALOG_COMPILER_GLOBAL_ACCENT_COLOR_NAME = AccentColor;
				CODE_SIGN_STYLE = Automatic;
				DEVELOPMENT_TEAM = R3ZLU447Q3;
				INFOPLIST_FILE = "Share The Load/Info.plist";
				IPHONEOS_DEPLOYMENT_TARGET = 13.0;
				LD_RUNPATH_SEARCH_PATHS = (
					"$(inherited)",
					"@executable_path/Frameworks",
				);
				PRODUCT_BUNDLE_IDENTIFIER = "com.chrishefferman.Share-The-Load";
				PRODUCT_NAME = "$(TARGET_NAME)";
				SWIFT_VERSION = 5.0;
				TARGETED_DEVICE_FAMILY = 1;
			};
			name = Debug;
		};
		2393F6E125AB9F3F002D56A2 /* Release */ = {
			isa = XCBuildConfiguration;
			buildSettings = {
				ASSETCATALOG_COMPILER_APPICON_NAME = AppIcon;
				ASSETCATALOG_COMPILER_GLOBAL_ACCENT_COLOR_NAME = AccentColor;
				CODE_SIGN_STYLE = Automatic;
				DEVELOPMENT_TEAM = R3ZLU447Q3;
				INFOPLIST_FILE = "Share The Load/Info.plist";
				IPHONEOS_DEPLOYMENT_TARGET = 13.0;
				LD_RUNPATH_SEARCH_PATHS = (
					"$(inherited)",
					"@executable_path/Frameworks",
				);
				PRODUCT_BUNDLE_IDENTIFIER = "com.chrishefferman.Share-The-Load";
				PRODUCT_NAME = "$(TARGET_NAME)";
				SWIFT_VERSION = 5.0;
				TARGETED_DEVICE_FAMILY = 1;
			};
			name = Release;
		};
		2393F6E325AB9F3F002D56A2 /* Debug */ = {
			isa = XCBuildConfiguration;
			buildSettings = {
				ALWAYS_EMBED_SWIFT_STANDARD_LIBRARIES = YES;
				BUNDLE_LOADER = "$(TEST_HOST)";
				CODE_SIGN_STYLE = Automatic;
				DEVELOPMENT_TEAM = R3ZLU447Q3;
				INFOPLIST_FILE = "Share The LoadTests/Info.plist";
				IPHONEOS_DEPLOYMENT_TARGET = 14.1;
				LD_RUNPATH_SEARCH_PATHS = (
					"$(inherited)",
					"@executable_path/Frameworks",
					"@loader_path/Frameworks",
				);
				PRODUCT_BUNDLE_IDENTIFIER = "com.chrishefferman.Share-The-LoadTests";
				PRODUCT_NAME = "$(TARGET_NAME)";
				SWIFT_VERSION = 5.0;
				TARGETED_DEVICE_FAMILY = "1,2";
				TEST_HOST = "$(BUILT_PRODUCTS_DIR)/Share The Load.app/Share The Load";
			};
			name = Debug;
		};
		2393F6E425AB9F3F002D56A2 /* Release */ = {
			isa = XCBuildConfiguration;
			buildSettings = {
				ALWAYS_EMBED_SWIFT_STANDARD_LIBRARIES = YES;
				BUNDLE_LOADER = "$(TEST_HOST)";
				CODE_SIGN_STYLE = Automatic;
				DEVELOPMENT_TEAM = R3ZLU447Q3;
				INFOPLIST_FILE = "Share The LoadTests/Info.plist";
				IPHONEOS_DEPLOYMENT_TARGET = 14.1;
				LD_RUNPATH_SEARCH_PATHS = (
					"$(inherited)",
					"@executable_path/Frameworks",
					"@loader_path/Frameworks",
				);
				PRODUCT_BUNDLE_IDENTIFIER = "com.chrishefferman.Share-The-LoadTests";
				PRODUCT_NAME = "$(TARGET_NAME)";
				SWIFT_VERSION = 5.0;
				TARGETED_DEVICE_FAMILY = "1,2";
				TEST_HOST = "$(BUILT_PRODUCTS_DIR)/Share The Load.app/Share The Load";
			};
			name = Release;
		};
		2393F6E625AB9F3F002D56A2 /* Debug */ = {
			isa = XCBuildConfiguration;
			buildSettings = {
				ALWAYS_EMBED_SWIFT_STANDARD_LIBRARIES = YES;
				CODE_SIGN_STYLE = Automatic;
				DEVELOPMENT_TEAM = R3ZLU447Q3;
				INFOPLIST_FILE = "Share The LoadUITests/Info.plist";
				LD_RUNPATH_SEARCH_PATHS = (
					"$(inherited)",
					"@executable_path/Frameworks",
					"@loader_path/Frameworks",
				);
				PRODUCT_BUNDLE_IDENTIFIER = "com.chrishefferman.Share-The-LoadUITests";
				PRODUCT_NAME = "$(TARGET_NAME)";
				SWIFT_VERSION = 5.0;
				TARGETED_DEVICE_FAMILY = "1,2";
				TEST_TARGET_NAME = "Share The Load";
			};
			name = Debug;
		};
		2393F6E725AB9F3F002D56A2 /* Release */ = {
			isa = XCBuildConfiguration;
			buildSettings = {
				ALWAYS_EMBED_SWIFT_STANDARD_LIBRARIES = YES;
				CODE_SIGN_STYLE = Automatic;
				DEVELOPMENT_TEAM = R3ZLU447Q3;
				INFOPLIST_FILE = "Share The LoadUITests/Info.plist";
				LD_RUNPATH_SEARCH_PATHS = (
					"$(inherited)",
					"@executable_path/Frameworks",
					"@loader_path/Frameworks",
				);
				PRODUCT_BUNDLE_IDENTIFIER = "com.chrishefferman.Share-The-LoadUITests";
				PRODUCT_NAME = "$(TARGET_NAME)";
				SWIFT_VERSION = 5.0;
				TARGETED_DEVICE_FAMILY = "1,2";
				TEST_TARGET_NAME = "Share The Load";
			};
			name = Release;
		};
/* End XCBuildConfiguration section */

/* Begin XCConfigurationList section */
		2393F6B025AB9F3C002D56A2 /* Build configuration list for PBXProject "Share The Load" */ = {
			isa = XCConfigurationList;
			buildConfigurations = (
				2393F6DD25AB9F3F002D56A2 /* Debug */,
				2393F6DE25AB9F3F002D56A2 /* Release */,
			);
			defaultConfigurationIsVisible = 0;
			defaultConfigurationName = Release;
		};
		2393F6DF25AB9F3F002D56A2 /* Build configuration list for PBXNativeTarget "Share The Load" */ = {
			isa = XCConfigurationList;
			buildConfigurations = (
				2393F6E025AB9F3F002D56A2 /* Debug */,
				2393F6E125AB9F3F002D56A2 /* Release */,
			);
			defaultConfigurationIsVisible = 0;
			defaultConfigurationName = Release;
		};
		2393F6E225AB9F3F002D56A2 /* Build configuration list for PBXNativeTarget "Share The LoadTests" */ = {
			isa = XCConfigurationList;
			buildConfigurations = (
				2393F6E325AB9F3F002D56A2 /* Debug */,
				2393F6E425AB9F3F002D56A2 /* Release */,
			);
			defaultConfigurationIsVisible = 0;
			defaultConfigurationName = Release;
		};
		2393F6E525AB9F3F002D56A2 /* Build configuration list for PBXNativeTarget "Share The LoadUITests" */ = {
			isa = XCConfigurationList;
			buildConfigurations = (
				2393F6E625AB9F3F002D56A2 /* Debug */,
				2393F6E725AB9F3F002D56A2 /* Release */,
			);
			defaultConfigurationIsVisible = 0;
			defaultConfigurationName = Release;
		};
/* End XCConfigurationList section */

/* Begin XCRemoteSwiftPackageReference section */
		2393F6EB25ABA5FC002D56A2 /* XCRemoteSwiftPackageReference "firebase-ios-sdk" */ = {
			isa = XCRemoteSwiftPackageReference;
			repositoryURL = "https://github.com/firebase/firebase-ios-sdk.git";
			requirement = {
				kind = upToNextMajorVersion;
				minimumVersion = 7.3.1;
			};
		};
		2393F6F825ABAA39002D56A2 /* XCRemoteSwiftPackageReference "realm-cocoa" */ = {
			isa = XCRemoteSwiftPackageReference;
			repositoryURL = "https://github.com/realm/realm-cocoa.git";
			requirement = {
				kind = upToNextMajorVersion;
				minimumVersion = 10.5.0;
			};
		};
/* End XCRemoteSwiftPackageReference section */

/* Begin XCSwiftPackageProductDependency section */
		237238B325B300DA00191C4F /* RealmSwift */ = {
			isa = XCSwiftPackageProductDependency;
			package = 2393F6F825ABAA39002D56A2 /* XCRemoteSwiftPackageReference "realm-cocoa" */;
			productName = RealmSwift;
		};
		2393F6EC25ABA5FC002D56A2 /* FirebaseAnalytics */ = {
			isa = XCSwiftPackageProductDependency;
			package = 2393F6EB25ABA5FC002D56A2 /* XCRemoteSwiftPackageReference "firebase-ios-sdk" */;
			productName = FirebaseAnalytics;
		};
		2393F6EE25ABA5FC002D56A2 /* FirebaseCrashlytics */ = {
			isa = XCSwiftPackageProductDependency;
			package = 2393F6EB25ABA5FC002D56A2 /* XCRemoteSwiftPackageReference "firebase-ios-sdk" */;
			productName = FirebaseCrashlytics;
		};
		2393F6F025ABA5FC002D56A2 /* FirebaseDatabase */ = {
			isa = XCSwiftPackageProductDependency;
			package = 2393F6EB25ABA5FC002D56A2 /* XCRemoteSwiftPackageReference "firebase-ios-sdk" */;
			productName = FirebaseDatabase;
		};
		2393F6F925ABAA39002D56A2 /* Realm */ = {
			isa = XCSwiftPackageProductDependency;
			package = 2393F6F825ABAA39002D56A2 /* XCRemoteSwiftPackageReference "realm-cocoa" */;
			productName = Realm;
		};
/* End XCSwiftPackageProductDependency section */
	};
	rootObject = 2393F6AD25AB9F3C002D56A2 /* Project object */;
}
